{
  "version": "5",
  "specifiers": {
    "jsr:@july/snarl@~0.3.3": "0.3.3",
    "jsr:@std/encoding@^1.0.10": "1.0.10",
    "jsr:@std/internal@^1.0.12": "1.0.12",
    "jsr:@std/path@^1.1.4": "1.1.4"
  },
  "jsr": {
    "@july/snarl@0.3.3": {
      "integrity": "b07ee48f7514e06dab971c23a96833cd2be9320093f2ae784726de4571e67a8d",
      "dependencies": [
        "jsr:@std/encoding",
        "jsr:@std/path"
      ]
    },
    "@std/encoding@1.0.10": {
      "integrity": "8783c6384a2d13abd5e9e87a7ae0520a30e9f56aeeaa3bdf910a3eaaf5c811a1"
    },
    "@std/internal@1.0.12": {
      "integrity": "972a634fd5bc34b242024402972cd5143eac68d8dffaca5eaa4dba30ce17b027"
    },
    "@std/path@1.1.4": {
      "integrity": "1d2d43f39efb1b42f0b1882a25486647cb851481862dc7313390b2bb044314b5",
      "dependencies": [
        "jsr:@std/internal"
      ]
    }
  },
  "workspace": {
    "dependencies": [
      "jsr:@july/snarl@~0.3.3"
    ]
  }
}
